
Microsoft Visual Studio Solution File, Format Version 12.00
# Visual Studio Version 17
VisualStudioVersion = 17.5.002.0
MinimumVisualStudioVersion = 10.0.40219.1
Project("{9A19103F-16F7-4668-BE54-9A1E7A4F7556}") = "Play.Catalog.Contracts", "..\Play.Catalog.Contracts\Play.Catalog.Contracts.csproj", "{E89DD7DC-7C07-4F02-9AE4-AD50B3D46B82}"
EndProject
Project("{9A19103F-16F7-4668-BE54-9A1E7A4F7556}") = "Play.Catalog.Service", "Play.Catalog.Service.csproj", "{242DB7E2-A5F8-4640-A1AF-609A8C35EFF4}"
EndProject
Global
	GlobalSection(SolutionConfigurationPlatforms) = preSolution
		Debug|Any CPU = Debug|Any CPU
		Release|Any CPU = Release|Any CPU
	EndGlobalSection
	GlobalSection(ProjectConfigurationPlatforms) = postSolution
		{E89DD7DC-7C07-4F02-9AE4-AD50B3D46B82}.Debug|Any CPU.ActiveCfg = Debug|Any CPU
		{E89DD7DC-7C07-4F02-9AE4-AD50B3D46B82}.Debug|Any CPU.Build.0 = Debug|Any CPU
		{E89DD7DC-7C07-4F02-9AE4-AD50B3D46B82}.Release|Any CPU.ActiveCfg = Release|Any CPU
		{E89DD7DC-7C07-4F02-9AE4-AD50B3D46B82}.Release|Any CPU.Build.0 = Release|Any CPU
		{242DB7E2-A5F8-4640-A1AF-609A8C35EFF4}.Debug|Any CPU.ActiveCfg = Debug|Any CPU
		{242DB7E2-A5F8-4640-A1AF-609A8C35EFF4}.Debug|Any CPU.Build.0 = Debug|Any CPU
		{242DB7E2-A5F8-4640-A1AF-609A8C35EFF4}.Release|Any CPU.ActiveCfg = Release|Any CPU
		{242DB7E2-A5F8-4640-A1AF-609A8C35EFF4}.Release|Any CPU.Build.0 = Release|Any CPU
	EndGlobalSection
	GlobalSection(SolutionProperties) = preSolution
		HideSolutionNode = FALSE
	EndGlobalSection
	GlobalSection(ExtensibilityGlobals) = postSolution
		SolutionGuid = {FE1D3023-492E-4DD0-9516-31CFF71AF323}
	EndGlobalSection
EndGlobal
